
Microsoft Visual Studio Solution File, Format Version 12.00
# Visual Studio Version 17
VisualStudioVersion = 17.11.35208.52
MinimumVisualStudioVersion = 10.0.40219.1
Project("{9A19103F-16F7-4668-BE54-9A1E7A4F7556}") = "Project", "Project\Project.csproj", "{FB543473-8A8C-4D2C-ACCE-5E82EBB1206A}"
EndProject
Project("{FAE04EC0-301F-11D3-BF4B-00C04F79EFBC}") = "Login", "Login\Login.csproj", "{516EF7E0-7A6F-4214-A63A-BF3A03A1A4BB}"
EndProject
Project("{FAE04EC0-301F-11D3-BF4B-00C04F79EFBC}") = "Signup", "Signup\Signup.csproj", "{778D1C0F-B9EA-4582-B407-932D70A488D6}"
EndProject
Global
	GlobalSection(SolutionConfigurationPlatforms) = preSolution
		Debug|Any CPU = Debug|Any CPU
		Release|Any CPU = Release|Any CPU
	EndGlobalSection
	GlobalSection(ProjectConfigurationPlatforms) = postSolution
		{FB543473-8A8C-4D2C-ACCE-5E82EBB1206A}.Debug|Any CPU.ActiveCfg = Debug|Any CPU
		{FB543473-8A8C-4D2C-ACCE-5E82EBB1206A}.Debug|Any CPU.Build.0 = Debug|Any CPU
		{FB543473-8A8C-4D2C-ACCE-5E82EBB1206A}.Release|Any CPU.ActiveCfg = Release|Any CPU
		{FB543473-8A8C-4D2C-ACCE-5E82EBB1206A}.Release|Any CPU.Build.0 = Release|Any CPU
		{516EF7E0-7A6F-4214-A63A-BF3A03A1A4BB}.Debug|Any CPU.ActiveCfg = Debug|Any CPU
		{516EF7E0-7A6F-4214-A63A-BF3A03A1A4BB}.Debug|Any CPU.Build.0 = Debug|Any CPU
		{516EF7E0-7A6F-4214-A63A-BF3A03A1A4BB}.Release|Any CPU.ActiveCfg = Release|Any CPU
		{516EF7E0-7A6F-4214-A63A-BF3A03A1A4BB}.Release|Any CPU.Build.0 = Release|Any CPU
		{778D1C0F-B9EA-4582-B407-932D70A488D6}.Debug|Any CPU.ActiveCfg = Debug|Any CPU
		{778D1C0F-B9EA-4582-B407-932D70A488D6}.Debug|Any CPU.Build.0 = Debug|Any CPU
		{778D1C0F-B9EA-4582-B407-932D70A488D6}.Release|Any CPU.ActiveCfg = Release|Any CPU
		{778D1C0F-B9EA-4582-B407-932D70A488D6}.Release|Any CPU.Build.0 = Release|Any CPU
	EndGlobalSection
	GlobalSection(SolutionProperties) = preSolution
		HideSolutionNode = FALSE
	EndGlobalSection
	GlobalSection(ExtensibilityGlobals) = postSolution
		SolutionGuid = {62A03B07-F9A3-4B79-9918-BF97543AD569}
	EndGlobalSection
EndGlobal
